
Microsoft Visual Studio Solution File, Format Version 12.00
# Visual Studio Version 17
VisualStudioVersion = 17.0.31717.71
MinimumVisualStudioVersion = 10.0.40219.1
Project("{9A19103F-16F7-4668-BE54-9A1E7A4F7556}") = "Alpha.SharedLibrary", "Alpha.SharedLibrary\Alpha.SharedLibrary.csproj", "{F1045AD4-FDB8-47AA-92EF-EF1B42F9B0BD}"
EndProject
Project("{FAE04EC0-301F-11D3-BF4B-00C04F79EFBC}") = "Alpha.VKLib", "Alpha.VKLib\Alpha.VKLib.csproj", "{A6DBACAD-8941-421F-96A9-A148FB608464}"
	ProjectSection(ProjectDependencies) = postProject
		{F1045AD4-FDB8-47AA-92EF-EF1B42F9B0BD} = {F1045AD4-FDB8-47AA-92EF-EF1B42F9B0BD}
	EndProjectSection
EndProject
Global
	GlobalSection(SolutionConfigurationPlatforms) = preSolution
		Debug|Any CPU = Debug|Any CPU
		Release|Any CPU = Release|Any CPU
	EndGlobalSection
	GlobalSection(ProjectConfigurationPlatforms) = postSolution
		{F1045AD4-FDB8-47AA-92EF-EF1B42F9B0BD}.Debug|Any CPU.ActiveCfg = Debug|Any CPU
		{F1045AD4-FDB8-47AA-92EF-EF1B42F9B0BD}.Debug|Any CPU.Build.0 = Debug|Any CPU
		{F1045AD4-FDB8-47AA-92EF-EF1B42F9B0BD}.Release|Any CPU.ActiveCfg = Release|Any CPU
		{F1045AD4-FDB8-47AA-92EF-EF1B42F9B0BD}.Release|Any CPU.Build.0 = Release|Any CPU
		{A6DBACAD-8941-421F-96A9-A148FB608464}.Debug|Any CPU.ActiveCfg = Debug|Any CPU
		{A6DBACAD-8941-421F-96A9-A148FB608464}.Debug|Any CPU.Build.0 = Debug|Any CPU
		{A6DBACAD-8941-421F-96A9-A148FB608464}.Release|Any CPU.ActiveCfg = Release|Any CPU
		{A6DBACAD-8941-421F-96A9-A148FB608464}.Release|Any CPU.Build.0 = Release|Any CPU
	EndGlobalSection
	GlobalSection(SolutionProperties) = preSolution
		HideSolutionNode = FALSE
	EndGlobalSection
	GlobalSection(ExtensibilityGlobals) = postSolution
		SolutionGuid = {39BD4E21-AC72-42F9-9007-999E53AA8C70}
	EndGlobalSection
EndGlobal
